// !$*UTF8*$!
{
	archiveVersion = 1;
	classes = {
	};
	objectVersion = 56;
	objects = {

/* Begin PBXBuildFile section */
		8E1DE5752A4BFA1F00EBDD70 /* AppDelegate.swift in Sources */ = {isa = PBXBuildFile; fileRef = 8E1DE5742A4BFA1F00EBDD70 /* AppDelegate.swift */; };
		8E1DE5772A4BFA1F00EBDD70 /* SceneDelegate.swift in Sources */ = {isa = PBXBuildFile; fileRef = 8E1DE5762A4BFA1F00EBDD70 /* SceneDelegate.swift */; };
		8E1DE5792A4BFA1F00EBDD70 /* JokeViewController.swift in Sources */ = {isa = PBXBuildFile; fileRef = 8E1DE5782A4BFA1F00EBDD70 /* JokeViewController.swift */; };
		8E1DE57C2A4BFA1F00EBDD70 /* Main.storyboard in Resources */ = {isa = PBXBuildFile; fileRef = 8E1DE57A2A4BFA1F00EBDD70 /* Main.storyboard */; };
		8E1DE57E2A4BFA2000EBDD70 /* Assets.xcassets in Resources */ = {isa = PBXBuildFile; fileRef = 8E1DE57D2A4BFA2000EBDD70 /* Assets.xcassets */; };
		8E1DE5812A4BFA2000EBDD70 /* LaunchScreen.storyboard in Resources */ = {isa = PBXBuildFile; fileRef = 8E1DE57F2A4BFA2000EBDD70 /* LaunchScreen.storyboard */; };
		8E1DE58A2A4C007E00EBDD70 /* UIColor+Extensions.swift in Sources */ = {isa = PBXBuildFile; fileRef = 8E1DE5892A4C007E00EBDD70 /* UIColor+Extensions.swift */; };
/* End PBXBuildFile section */

/* Begin PBXFileReference section */
		8E1DE5712A4BFA1F00EBDD70 /* Joke-Generator.app */ = {isa = PBXFileReference; explicitFileType = wrapper.application; includeInIndex = 0; path = "Joke-Generator.app"; sourceTree = BUILT_PRODUCTS_DIR; };
		8E1DE5742A4BFA1F00EBDD70 /* AppDelegate.swift */ = {isa = PBXFileReference; lastKnownFileType = sourcecode.swift; path = AppDelegate.swift; sourceTree = "<group>"; };
		8E1DE5762A4BFA1F00EBDD70 /* SceneDelegate.swift */ = {isa = PBXFileReference; lastKnownFileType = sourcecode.swift; path = SceneDelegate.swift; sourceTree = "<group>"; };
		8E1DE5782A4BFA1F00EBDD70 /* JokeViewController.swift */ = {isa = PBXFileReference; lastKnownFileType = sourcecode.swift; path = JokeViewController.swift; sourceTree = "<group>"; };
		8E1DE57B2A4BFA1F00EBDD70 /* Base */ = {isa = PBXFileReference; lastKnownFileType = file.storyboard; name = Base; path = Base.lproj/Main.storyboard; sourceTree = "<group>"; };
		8E1DE57D2A4BFA2000EBDD70 /* Assets.xcassets */ = {isa = PBXFileReference; lastKnownFileType = folder.assetcatalog; path = Assets.xcassets; sourceTree = "<group>"; };
		8E1DE5802A4BFA2000EBDD70 /* Base */ = {isa = PBXFileReference; lastKnownFileType = file.storyboard; name = Base; path = Base.lproj/LaunchScreen.storyboard; sourceTree = "<group>"; };
		8E1DE5822A4BFA2000EBDD70 /* Info.plist */ = {isa = PBXFileReference; lastKnownFileType = text.plist.xml; path = Info.plist; sourceTree = "<group>"; };
		8E1DE5892A4C007E00EBDD70 /* UIColor+Extensions.swift */ = {isa = PBXFileReference; lastKnownFileType = sourcecode.swift; path = "UIColor+Extensions.swift"; sourceTree = "<group>"; };
/* End PBXFileReference section */

/* Begin PBXFrameworksBuildPhase section */
		8E1DE56E2A4BFA1F00EBDD70 /* Frameworks */ = {
			isa = PBXFrameworksBuildPhase;
			buildActionMask = 2147483647;
			files = (
			);
			runOnlyForDeploymentPostprocessing = 0;
		};
/* End PBXFrameworksBuildPhase section */

/* Begin PBXGroup section */
		8E1DE5682A4BFA1F00EBDD70 = {
			isa = PBXGroup;
			children = (
				8E1DE5732A4BFA1F00EBDD70 /* Joke-Generator */,
				8E1DE5722A4BFA1F00EBDD70 /* Products */,
			);
			sourceTree = "<group>";
		};
		8E1DE5722A4BFA1F00EBDD70 /* Products */ = {
			isa = PBXGroup;
			children = (
				8E1DE5712A4BFA1F00EBDD70 /* Joke-Generator.app */,
			);
			name = Products;
			sourceTree = "<group>";
		};
		8E1DE5732A4BFA1F00EBDD70 /* Joke-Generator */ = {
			isa = PBXGroup;
			children = (
				8E1DE58C2A4C00FD00EBDD70 /* Resources */,
				8E1DE58B2A4C00E000EBDD70 /* Presentation */,
				8E1DE5882A4C005A00EBDD70 /* Helpers */,
				8E1DE5742A4BFA1F00EBDD70 /* AppDelegate.swift */,
				8E1DE5762A4BFA1F00EBDD70 /* SceneDelegate.swift */,
			);
			path = "Joke-Generator";
			sourceTree = "<group>";
		};
		8E1DE5882A4C005A00EBDD70 /* Helpers */ = {
			isa = PBXGroup;
			children = (
				8E1DE5892A4C007E00EBDD70 /* UIColor+Extensions.swift */,
			);
			path = Helpers;
			sourceTree = "<group>";
		};
		8E1DE58B2A4C00E000EBDD70 /* Presentation */ = {
			isa = PBXGroup;
			children = (
				8E1DE5782A4BFA1F00EBDD70 /* JokeViewController.swift */,
				8E1DE57A2A4BFA1F00EBDD70 /* Main.storyboard */,
			);
			path = Presentation;
			sourceTree = "<group>";
		};
		8E1DE58C2A4C00FD00EBDD70 /* Resources */ = {
			isa = PBXGroup;
			children = (
				8E1DE5822A4BFA2000EBDD70 /* Info.plist */,
				8E1DE57F2A4BFA2000EBDD70 /* LaunchScreen.storyboard */,
				8E1DE57D2A4BFA2000EBDD70 /* Assets.xcassets */,
			);
			path = Resources;
			sourceTree = "<group>";
		};
/* End PBXGroup section */

/* Begin PBXNativeTarget section */
		8E1DE5702A4BFA1F00EBDD70 /* Joke-Generator */ = {
			isa = PBXNativeTarget;
			buildConfigurationList = 8E1DE5852A4BFA2000EBDD70 /* Build configuration list for PBXNativeTarget "Joke-Generator" */;
			buildPhases = (
				8E1DE56D2A4BFA1F00EBDD70 /* Sources */,
				8E1DE56E2A4BFA1F00EBDD70 /* Frameworks */,
				8E1DE56F2A4BFA1F00EBDD70 /* Resources */,
			);
			buildRules = (
			);
			dependencies = (
			);
			name = "Joke-Generator";
			productName = "Joke-Generator";
			productReference = 8E1DE5712A4BFA1F00EBDD70 /* Joke-Generator.app */;
			productType = "com.apple.product-type.application";
		};
/* End PBXNativeTarget section */

/* Begin PBXProject section */
		8E1DE5692A4BFA1F00EBDD70 /* Project object */ = {
			isa = PBXProject;
			attributes = {
				BuildIndependentTargetsInParallel = 1;
				LastSwiftUpdateCheck = 1430;
				LastUpgradeCheck = 1430;
				TargetAttributes = {
					8E1DE5702A4BFA1F00EBDD70 = {
						CreatedOnToolsVersion = 14.3.1;
					};
				};
			};
			buildConfigurationList = 8E1DE56C2A4BFA1F00EBDD70 /* Build configuration list for PBXProject "Joke-Generator" */;
			compatibilityVersion = "Xcode 14.0";
			developmentRegion = en;
			hasScannedForEncodings = 0;
			knownRegions = (
				en,
				Base,
			);
			mainGroup = 8E1DE5682A4BFA1F00EBDD70;
			productRefGroup = 8E1DE5722A4BFA1F00EBDD70 /* Products */;
			projectDirPath = "";
			projectRoot = "";
			targets = (
				8E1DE5702A4BFA1F00EBDD70 /* Joke-Generator */,
			);
		};
/* End PBXProject section */

/* Begin PBXResourcesBuildPhase section */
		8E1DE56F2A4BFA1F00EBDD70 /* Resources */ = {
			isa = PBXResourcesBuildPhase;
			buildActionMask = 2147483647;
			files = (
				8E1DE5812A4BFA2000EBDD70 /* LaunchScreen.storyboard in Resources */,
				8E1DE57E2A4BFA2000EBDD70 /* Assets.xcassets in Resources */,
				8E1DE57C2A4BFA1F00EBDD70 /* Main.storyboard in Resources */,
			);
			runOnlyForDeploymentPostprocessing = 0;
		};
/* End PBXResourcesBuildPhase section */

/* Begin PBXSourcesBuildPhase section */
		8E1DE56D2A4BFA1F00EBDD70 /* Sources */ = {
			isa = PBXSourcesBuildPhase;
			buildActionMask = 2147483647;
			files = (
				8E1DE5792A4BFA1F00EBDD70 /* JokeViewController.swift in Sources */,
				8E1DE5752A4BFA1F00EBDD70 /* AppDelegate.swift in Sources */,
				8E1DE5772A4BFA1F00EBDD70 /* SceneDelegate.swift in Sources */,
				8E1DE58A2A4C007E00EBDD70 /* UIColor+Extensions.swift in Sources */,
			);
			runOnlyForDeploymentPostprocessing = 0;
		};
/* End PBXSourcesBuildPhase section */

/* Begin PBXVariantGroup section */
		8E1DE57A2A4BFA1F00EBDD70 /* Main.storyboard */ = {
			isa = PBXVariantGroup;
			children = (
				8E1DE57B2A4BFA1F00EBDD70 /* Base */,
			);
			name = Main.storyboard;
			sourceTree = "<group>";
		};
		8E1DE57F2A4BFA2000EBDD70 /* LaunchScreen.storyboard */ = {
			isa = PBXVariantGroup;
			children = (
				8E1DE5802A4BFA2000EBDD70 /* Base */,
			);
			name = LaunchScreen.storyboard;
			sourceTree = "<group>";
		};
/* End PBXVariantGroup section */

/* Begin XCBuildConfiguration section */
		8E1DE5832A4BFA2000EBDD70 /* Debug */ = {
			isa = XCBuildConfiguration;
			buildSettings = {
				ALWAYS_SEARCH_USER_PATHS = NO;
				CLANG_ANALYZER_NONNULL = YES;
				CLANG_ANALYZER_NUMBER_OBJECT_CONVERSION = YES_AGGRESSIVE;
				CLANG_CXX_LANGUAGE_STANDARD = "gnu++20";
				CLANG_ENABLE_MODULES = YES;
				CLANG_ENABLE_OBJC_ARC = YES;
				CLANG_ENABLE_OBJC_WEAK = YES;
				CLANG_WARN_BLOCK_CAPTURE_AUTORELEASING = YES;
				CLANG_WARN_BOOL_CONVERSION = YES;
				CLANG_WARN_COMMA = YES;
				CLANG_WARN_CONSTANT_CONVERSION = YES;
				CLANG_WARN_DEPRECATED_OBJC_IMPLEMENTATIONS = YES;
				CLANG_WARN_DIRECT_OBJC_ISA_USAGE = YES_ERROR;
				CLANG_WARN_DOCUMENTATION_COMMENTS = YES;
				CLANG_WARN_EMPTY_BODY = YES;
				CLANG_WARN_ENUM_CONVERSION = YES;
				CLANG_WARN_INFINITE_RECURSION = YES;
				CLANG_WARN_INT_CONVERSION = YES;
				CLANG_WARN_NON_LITERAL_NULL_CONVERSION = YES;
				CLANG_WARN_OBJC_IMPLICIT_RETAIN_SELF = YES;
				CLANG_WARN_OBJC_LITERAL_CONVERSION = YES;
				CLANG_WARN_OBJC_ROOT_CLASS = YES_ERROR;
				CLANG_WARN_QUOTED_INCLUDE_IN_FRAMEWORK_HEADER = YES;
				CLANG_WARN_RANGE_LOOP_ANALYSIS = YES;
				CLANG_WARN_STRICT_PROTOTYPES = YES;
				CLANG_WARN_SUSPICIOUS_MOVE = YES;
				CLANG_WARN_UNGUARDED_AVAILABILITY = YES_AGGRESSIVE;
				CLANG_WARN_UNREACHABLE_CODE = YES;
				CLANG_WARN__DUPLICATE_METHOD_MATCH = YES;
				COPY_PHASE_STRIP = NO;
				DEBUG_INFORMATION_FORMAT = dwarf;
				ENABLE_STRICT_OBJC_MSGSEND = YES;
				ENABLE_TESTABILITY = YES;
				GCC_C_LANGUAGE_STANDARD = gnu11;
				GCC_DYNAMIC_NO_PIC = NO;
				GCC_NO_COMMON_BLOCKS = YES;
				GCC_OPTIMIZATION_LEVEL = 0;
				GCC_PREPROCESSOR_DEFINITIONS = (
					"DEBUG=1",
					"$(inherited)",
				);
				GCC_WARN_64_TO_32_BIT_CONVERSION = YES;
				GCC_WARN_ABOUT_RETURN_TYPE = YES_ERROR;
				GCC_WARN_UNDECLARED_SELECTOR = YES;
				GCC_WARN_UNINITIALIZED_AUTOS = YES_AGGRESSIVE;
				GCC_WARN_UNUSED_FUNCTION = YES;
				GCC_WARN_UNUSED_VARIABLE = YES;
				IPHONEOS_DEPLOYMENT_TARGET = 16.4;
				MTL_ENABLE_DEBUG_INFO = INCLUDE_SOURCE;
				MTL_FAST_MATH = YES;
				ONLY_ACTIVE_ARCH = YES;
				SDKROOT = iphoneos;
				SWIFT_ACTIVE_COMPILATION_CONDITIONS = DEBUG;
				SWIFT_OPTIMIZATION_LEVEL = "-Onone";
			};
			name = Debug;
		};
		8E1DE5842A4BFA2000EBDD70 /* Release */ = {
			isa = XCBuildConfiguration;
			buildSettings = {
				ALWAYS_SEARCH_USER_PATHS = NO;
				CLANG_ANALYZER_NONNULL = YES;
				CLANG_ANALYZER_NUMBER_OBJECT_CONVERSION = YES_AGGRESSIVE;
				CLANG_CXX_LANGUAGE_STANDARD = "gnu++20";
				CLANG_ENABLE_MODULES = YES;
				CLANG_ENABLE_OBJC_ARC = YES;
				CLANG_ENABLE_OBJC_WEAK = YES;
				CLANG_WARN_BLOCK_CAPTURE_AUTORELEASING = YES;
				CLANG_WARN_BOOL_CONVERSION = YES;
				CLANG_WARN_COMMA = YES;
				CLANG_WARN_CONSTANT_CONVERSION = YES;
				CLANG_WARN_DEPRECATED_OBJC_IMPLEMENTATIONS = YES;
				CLANG_WARN_DIRECT_OBJC_ISA_USAGE = YES_ERROR;
				CLANG_WARN_DOCUMENTATION_COMMENTS = YES;
				CLANG_WARN_EMPTY_BODY = YES;
				CLANG_WARN_ENUM_CONVERSION = YES;
				CLANG_WARN_INFINITE_RECURSION = YES;
				CLANG_WARN_INT_CONVERSION = YES;
				CLANG_WARN_NON_LITERAL_NULL_CONVERSION = YES;
				CLANG_WARN_OBJC_IMPLICIT_RETAIN_SELF = YES;
				CLANG_WARN_OBJC_LITERAL_CONVERSION = YES;
				CLANG_WARN_OBJC_ROOT_CLASS = YES_ERROR;
				CLANG_WARN_QUOTED_INCLUDE_IN_FRAMEWORK_HEADER = YES;
				CLANG_WARN_RANGE_LOOP_ANALYSIS = YES;
				CLANG_WARN_STRICT_PROTOTYPES = YES;
				CLANG_WARN_SUSPICIOUS_MOVE = YES;
				CLANG_WARN_UNGUARDED_AVAILABILITY = YES_AGGRESSIVE;
				CLANG_WARN_UNREACHABLE_CODE = YES;
				CLANG_WARN__DUPLICATE_METHOD_MATCH = YES;
				COPY_PHASE_STRIP = NO;
				DEBUG_INFORMATION_FORMAT = "dwarf-with-dsym";
				ENABLE_NS_ASSERTIONS = NO;
				ENABLE_STRICT_OBJC_MSGSEND = YES;
				GCC_C_LANGUAGE_STANDARD = gnu11;
				GCC_NO_COMMON_BLOCKS = YES;
				GCC_WARN_64_TO_32_BIT_CONVERSION = YES;
				GCC_WARN_ABOUT_RETURN_TYPE = YES_ERROR;
				GCC_WARN_UNDECLARED_SELECTOR = YES;
				GCC_WARN_UNINITIALIZED_AUTOS = YES_AGGRESSIVE;
				GCC_WARN_UNUSED_FUNCTION = YES;
				GCC_WARN_UNUSED_VARIABLE = YES;
				IPHONEOS_DEPLOYMENT_TARGET = 16.4;
				MTL_ENABLE_DEBUG_INFO = NO;
				MTL_FAST_MATH = YES;
				SDKROOT = iphoneos;
				SWIFT_COMPILATION_MODE = wholemodule;
				SWIFT_OPTIMIZATION_LEVEL = "-O";
				VALIDATE_PRODUCT = YES;
			};
			name = Release;
		};
		8E1DE5862A4BFA2000EBDD70 /* Debug */ = {
			isa = XCBuildConfiguration;
			buildSettings = {
				ASSETCATALOG_COMPILER_APPICON_NAME = AppIcon;
				ASSETCATALOG_COMPILER_GLOBAL_ACCENT_COLOR_NAME = AccentColor;
				CODE_SIGN_STYLE = Automatic;
				CURRENT_PROJECT_VERSION = 1;
				GENERATE_INFOPLIST_FILE = YES;
				INFOPLIST_FILE = "Joke-Generator/Resources/Info.plist";
				INFOPLIST_KEY_UIApplicationSupportsIndirectInputEvents = YES;
				INFOPLIST_KEY_UILaunchStoryboardName = LaunchScreen;
				INFOPLIST_KEY_UIMainStoryboardFile = Main;
				INFOPLIST_KEY_UISupportedInterfaceOrientations_iPad = "UIInterfaceOrientationPortrait UIInterfaceOrientationPortraitUpsideDown UIInterfaceOrientationLandscapeLeft UIInterfaceOrientationLandscapeRight";
				INFOPLIST_KEY_UISupportedInterfaceOrientations_iPhone = "UIInterfaceOrientationPortrait UIInterfaceOrientationLandscapeLeft UIInterfaceOrientationLandscapeRight";
				IPHONEOS_DEPLOYMENT_TARGET = 13.0;
				LD_RUNPATH_SEARCH_PATHS = (
					"$(inherited)",
					"@executable_path/Frameworks",
				);
				MARKETING_VERSION = 1.0;
				PRODUCT_BUNDLE_IDENTIFIER = "arthur.m.Joke-Generator";
				PRODUCT_NAME = "$(TARGET_NAME)";
				SWIFT_EMIT_LOC_STRINGS = YES;
				SWIFT_VERSION = 5.0;
				TARGETED_DEVICE_FAMILY = "1,2";
			};
			name = Debug;
		};
		8E1DE5872A4BFA2000EBDD70 /* Release */ = {
			isa = XCBuildConfiguration;
			buildSettings = {
				ASSETCATALOG_COMPILER_APPICON_NAME = AppIcon;
				ASSETCATALOG_COMPILER_GLOBAL_ACCENT_COLOR_NAME = AccentColor;
				CODE_SIGN_STYLE = Automatic;
				CURRENT_PROJECT_VERSION = 1;
				GENERATE_INFOPLIST_FILE = YES;
				INFOPLIST_FILE = "Joke-Generator/Resources/Info.plist";
				INFOPLIST_KEY_UIApplicationSupportsIndirectInputEvents = YES;
				INFOPLIST_KEY_UILaunchStoryboardName = LaunchScreen;
				INFOPLIST_KEY_UIMainStoryboardFile = Main;
				INFOPLIST_KEY_UISupportedInterfaceOrientations_iPad = "UIInterfaceOrientationPortrait UIInterfaceOrientationPortraitUpsideDown UIInterfaceOrientationLandscapeLeft UIInterfaceOrientationLandscapeRight";
				INFOPLIST_KEY_UISupportedInterfaceOrientations_iPhone = "UIInterfaceOrientationPortrait UIInterfaceOrientationLandscapeLeft UIInterfaceOrientationLandscapeRight";
				IPHONEOS_DEPLOYMENT_TARGET = 13.0;
				LD_RUNPATH_SEARCH_PATHS = (
					"$(inherited)",
					"@executable_path/Frameworks",
				);
				MARKETING_VERSION = 1.0;
				PRODUCT_BUNDLE_IDENTIFIER = "arthur.m.Joke-Generator";
				PRODUCT_NAME = "$(TARGET_NAME)";
				SWIFT_EMIT_LOC_STRINGS = YES;
				SWIFT_VERSION = 5.0;
				TARGETED_DEVICE_FAMILY = "1,2";
			};
			name = Release;
		};
/* End XCBuildConfiguration section */

/* Begin XCConfigurationList section */
		8E1DE56C2A4BFA1F00EBDD70 /* Build configuration list for PBXProject "Joke-Generator" */ = {
			isa = XCConfigurationList;
			buildConfigurations = (
				8E1DE5832A4BFA2000EBDD70 /* Debug */,
				8E1DE5842A4BFA2000EBDD70 /* Release */,
			);
			defaultConfigurationIsVisible = 0;
			defaultConfigurationName = Release;
		};
		8E1DE5852A4BFA2000EBDD70 /* Build configuration list for PBXNativeTarget "Joke-Generator" */ = {
			isa = XCConfigurationList;
			buildConfigurations = (
				8E1DE5862A4BFA2000EBDD70 /* Debug */,
				8E1DE5872A4BFA2000EBDD70 /* Release */,
			);
			defaultConfigurationIsVisible = 0;
			defaultConfigurationName = Release;
		};
/* End XCConfigurationList section */
	};
	rootObject = 8E1DE5692A4BFA1F00EBDD70 /* Project object */;
}
